{
  "lockfile_version": "1",
  "packages": {
    "binutils@2.41": {
      "last_modified": "2024-05-22T06:18:38Z",
      "resolved": "github:NixOS/nixpkgs/3f316d2a50699a78afe5e77ca486ad553169061e#binutils",
      "source": "devbox-search",
      "version": "2.41",
      "systems": {
        "aarch64-darwin": {
          "outputs": [
            {
              "name": "out",
              "path": "/nix/store/b287j6p3b139mx01k9azprs7sbs2hnwa-binutils-wrapper-2.41",
              "default": true
            },
            {
              "name": "man",
              "path": "/nix/store/f36584i0d63586kab1w15g1i665ci3kj-binutils-wrapper-2.41-man",
              "default": true
            },
            {
              "name": "info",
              "path": "/nix/store/vg7618yk6ngsw4y3swg49cmr2i8ahdzk-binutils-wrapper-2.41-info"
            }
          ],
          "store_path": "/nix/store/b287j6p3b139mx01k9azprs7sbs2hnwa-binutils-wrapper-2.41"
        },
        "aarch64-linux": {
          "outputs": [
            {
              "name": "out",
              "path": "/nix/store/5pfllkhmmdrwi5z1da1009lx128kfbbq-binutils-wrapper-2.41",
              "default": true
            },
            {
              "name": "man",
              "path": "/nix/store/23b8b7ghpr8a6frkqp5ljgbczw04avik-binutils-wrapper-2.41-man",
              "default": true
            },
            {
              "name": "info",
              "path": "/nix/store/il1zh9wspnm6wwdhpchrjvvr49nmj01i-binutils-wrapper-2.41-info"
            }
          ],
          "store_path": "/nix/store/5pfllkhmmdrwi5z1da1009lx128kfbbq-binutils-wrapper-2.41"
        },
        "x86_64-darwin": {
          "outputs": [
            {
              "name": "out",
              "path": "/nix/store/rgssl5lri7qvz4yb8r19ws79g5j8kf9p-binutils-wrapper-2.41",
              "default": true
            },
            {
              "name": "man",
              "path": "/nix/store/58xl3bzl6797n38y5alyhrhvf3cr6l09-binutils-wrapper-2.41-man",
              "default": true
            },
            {
              "name": "info",
              "path": "/nix/store/ygwgdnbkn9cbqc0p8ripzbjzvj8n6d0x-binutils-wrapper-2.41-info"
            }
          ],
          "store_path": "/nix/store/rgssl5lri7qvz4yb8r19ws79g5j8kf9p-binutils-wrapper-2.41"
        },
        "x86_64-linux": {
          "outputs": [
            {
              "name": "out",
              "path": "/nix/store/kln7kinji3b7sz8r50h4gn9yy6k1js9a-binutils-wrapper-2.41",
              "default": true
            },
            {
              "name": "man",
              "path": "/nix/store/i9a5m5xd9bpsyydnfqphh51s71bgmd3l-binutils-wrapper-2.41-man",
              "default": true
            },
            {
              "name": "info",
              "path": "/nix/store/yf95j2n3b1mpipi3087a1a9rmnap58cs-binutils-wrapper-2.41-info"
            }
          ],
          "store_path": "/nix/store/kln7kinji3b7sz8r50h4gn9yy6k1js9a-binutils-wrapper-2.41"
        }
      }
    },
    "crossplane-cli@1.15.2": {
      "last_modified": "2024-04-19T17:36:04-04:00",
      "resolved": "github:NixOS/nixpkgs/92d295f588631b0db2da509f381b4fb1e74173c5#crossplane-cli",
      "source": "devbox-search",
      "version": "1.15.2",
      "systems": {
        "aarch64-darwin": {
          "outputs": [
            {
              "name": "out",
              "path": "/nix/store/pdkjzjl9ljlrrv90bnfwg9qim6aq7rah-crossplane-cli-1.15.2",
              "default": true
            }
          ],
          "store_path": "/nix/store/pdkjzjl9ljlrrv90bnfwg9qim6aq7rah-crossplane-cli-1.15.2"
        },
        "aarch64-linux": {
          "outputs": [
            {
              "name": "out",
              "path": "/nix/store/plca0lnmjjz86x2w5sis9hd6m9zxm9g1-crossplane-cli-1.15.2",
              "default": true
            }
          ],
          "store_path": "/nix/store/plca0lnmjjz86x2w5sis9hd6m9zxm9g1-crossplane-cli-1.15.2"
        },
        "x86_64-darwin": {
          "outputs": [
            {
              "name": "out",
              "path": "/nix/store/0q296bg5hm3ihxn67s977nqmvc5a20ks-crossplane-cli-1.15.2",
              "default": true
            }
          ],
          "store_path": "/nix/store/0q296bg5hm3ihxn67s977nqmvc5a20ks-crossplane-cli-1.15.2"
        },
        "x86_64-linux": {
          "outputs": [
            {
              "name": "out",
              "path": "/nix/store/4h624bpwzp0wk3jqav2m8nql7h1xhv7a-crossplane-cli-1.15.2",
              "default": true
            }
          ],
          "store_path": "/nix/store/4h624bpwzp0wk3jqav2m8nql7h1xhv7a-crossplane-cli-1.15.2"
        }
      }
    },
    "gh@2.48.0": {
      "last_modified": "2024-04-19T17:36:04-04:00",
      "resolved": "github:NixOS/nixpkgs/92d295f588631b0db2da509f381b4fb1e74173c5#gh",
      "source": "devbox-search",
      "version": "2.48.0",
      "systems": {
        "aarch64-darwin": {
          "outputs": [
            {
              "name": "out",
              "path": "/nix/store/al0w11wik8xvjv311f9hdcni6lcbd22g-gh-2.48.0",
              "default": true
            }
          ],
          "store_path": "/nix/store/al0w11wik8xvjv311f9hdcni6lcbd22g-gh-2.48.0"
        },
        "aarch64-linux": {
          "outputs": [
            {
              "name": "out",
              "path": "/nix/store/fa3pwqlw4izfip7kg4c1iv7gdhwjgsf7-gh-2.48.0",
              "default": true
            }
          ],
          "store_path": "/nix/store/fa3pwqlw4izfip7kg4c1iv7gdhwjgsf7-gh-2.48.0"
        },
        "x86_64-darwin": {
          "outputs": [
            {
              "name": "out",
              "path": "/nix/store/m9jcg3yp042alkymg4qy3k4skyfzxpgs-gh-2.48.0",
              "default": true
            }
          ],
          "store_path": "/nix/store/m9jcg3yp042alkymg4qy3k4skyfzxpgs-gh-2.48.0"
        },
        "x86_64-linux": {
          "outputs": [
            {
              "name": "out",
              "path": "/nix/store/yk2hqa1jnc9r26q93cs8m6gi4872s1ga-gh-2.48.0",
              "default": true
            }
          ],
          "store_path": "/nix/store/yk2hqa1jnc9r26q93cs8m6gi4872s1ga-gh-2.48.0"
        }
      }
    },
    "go-task@3.36.0": {
      "last_modified": "2024-04-19T17:36:04-04:00",
      "resolved": "github:NixOS/nixpkgs/92d295f588631b0db2da509f381b4fb1e74173c5#go-task",
      "source": "devbox-search",
      "version": "3.36.0",
      "systems": {
        "aarch64-darwin": {
          "outputs": [
            {
              "name": "out",
              "path": "/nix/store/s7999mjjjkan5fi20csad6pxha0pcn9m-go-task-3.36.0",
              "default": true
            }
          ],
          "store_path": "/nix/store/s7999mjjjkan5fi20csad6pxha0pcn9m-go-task-3.36.0"
        },
        "aarch64-linux": {
          "outputs": [
            {
              "name": "out",
              "path": "/nix/store/pf3rrjy7d7hl9b9qrlqfs7r0dp1c9gl2-go-task-3.36.0",
              "default": true
            }
          ],
          "store_path": "/nix/store/pf3rrjy7d7hl9b9qrlqfs7r0dp1c9gl2-go-task-3.36.0"
        },
        "x86_64-darwin": {
          "outputs": [
            {
              "name": "out",
              "path": "/nix/store/crv84dwq688wdwlw165b52yk8zshs3zz-go-task-3.36.0",
              "default": true
            }
          ],
          "store_path": "/nix/store/crv84dwq688wdwlw165b52yk8zshs3zz-go-task-3.36.0"
        },
        "x86_64-linux": {
          "outputs": [
            {
              "name": "out",
              "path": "/nix/store/g1chzl549g4jzjpaqc1i2d0hbazkhx5l-go-task-3.36.0",
              "default": true
            }
          ],
          "store_path": "/nix/store/g1chzl549g4jzjpaqc1i2d0hbazkhx5l-go-task-3.36.0"
        }
      }
    },
    "jdk@21+35": {
      "last_modified": "2024-05-22T06:18:38Z",
      "resolved": "github:NixOS/nixpkgs/3f316d2a50699a78afe5e77ca486ad553169061e#jdk",
      "source": "devbox-search",
      "version": "21+35",
      "systems": {
        "aarch64-darwin": {
          "outputs": [
            {
              "path": "/nix/store/9iv3zq45jsmws7lq38bn4470yxqgj978-zulu-ca-jdk-21.0.2",
              "default": true
            }
          ]
        },
        "aarch64-linux": {
          "outputs": [
            {
              "name": "out",
              "path": "/nix/store/c048zjd49vn3a8q47iah4d0yqfm7g8nk-openjdk-21+35",
              "default": true
            },
            {
              "name": "debug",
              "path": "/nix/store/xpm018m6h9fx386lhk8m9j0r3krvy12i-openjdk-21+35-debug"
            }
          ],
          "store_path": "/nix/store/c048zjd49vn3a8q47iah4d0yqfm7g8nk-openjdk-21+35"
        },
        "x86_64-linux": {
          "outputs": [
            {
              "name": "out",
              "path": "/nix/store/2vwkssqpzykk37r996cafq7x63imf4sp-openjdk-21+35",
              "default": true
            },
            {
              "name": "debug",
              "path": "/nix/store/fpw20ws7m7j3wfg80wl7gbvh071d04h0-openjdk-21+35-debug"
            }
          ],
          "store_path": "/nix/store/2vwkssqpzykk37r996cafq7x63imf4sp-openjdk-21+35"
        }
      }
    },
    "k9s@0.32.4": {
      "last_modified": "2024-04-19T17:36:04-04:00",
      "resolved": "github:NixOS/nixpkgs/92d295f588631b0db2da509f381b4fb1e74173c5#k9s",
      "source": "devbox-search",
      "version": "0.32.4",
      "systems": {
        "aarch64-darwin": {
          "outputs": [
            {
              "name": "out",
              "path": "/nix/store/r7jyff9wwfn8414gdssgzfmjkm9jagsc-k9s-0.32.4",
              "default": true
            }
          ],
          "store_path": "/nix/store/r7jyff9wwfn8414gdssgzfmjkm9jagsc-k9s-0.32.4"
        },
        "aarch64-linux": {
          "outputs": [
            {
              "name": "out",
              "path": "/nix/store/4mfchlyipvl3psklgzi8kdvc1jrf9iaf-k9s-0.32.4",
              "default": true
            }
          ],
          "store_path": "/nix/store/4mfchlyipvl3psklgzi8kdvc1jrf9iaf-k9s-0.32.4"
        },
        "x86_64-darwin": {
          "outputs": [
            {
              "name": "out",
              "path": "/nix/store/wmzpk85wsl5f75rxr29iz64spvb5kzwd-k9s-0.32.4",
              "default": true
            }
          ],
          "store_path": "/nix/store/wmzpk85wsl5f75rxr29iz64spvb5kzwd-k9s-0.32.4"
        },
        "x86_64-linux": {
          "outputs": [
            {
              "name": "out",
              "path": "/nix/store/b9cjh70in8c7mrd3sacnn0ric8fj7b82-k9s-0.32.4",
              "default": true
            }
          ],
          "store_path": "/nix/store/b9cjh70in8c7mrd3sacnn0ric8fj7b82-k9s-0.32.4"
        }
      }
    },
    "kubeconform@0.6.4": {
      "last_modified": "2024-04-19T17:36:04-04:00",
      "resolved": "github:NixOS/nixpkgs/92d295f588631b0db2da509f381b4fb1e74173c5#kubeconform",
      "source": "devbox-search",
      "version": "0.6.4",
      "systems": {
        "aarch64-darwin": {
          "outputs": [
            {
              "name": "out",
              "path": "/nix/store/qqjnwv66m07r58g8r81m0ggz8xjihdrx-kubeconform-0.6.4",
              "default": true
            }
          ],
          "store_path": "/nix/store/qqjnwv66m07r58g8r81m0ggz8xjihdrx-kubeconform-0.6.4"
        },
        "aarch64-linux": {
          "outputs": [
            {
              "name": "out",
              "path": "/nix/store/lfdvlzix4qk1vrxjdssjzfrjrx2klyyx-kubeconform-0.6.4",
              "default": true
            }
          ],
          "store_path": "/nix/store/lfdvlzix4qk1vrxjdssjzfrjrx2klyyx-kubeconform-0.6.4"
        },
        "x86_64-darwin": {
          "outputs": [
            {
              "name": "out",
              "path": "/nix/store/kmv8y01r3z2k66hzjp1dydz33jxklraq-kubeconform-0.6.4",
              "default": true
            }
          ],
          "store_path": "/nix/store/kmv8y01r3z2k66hzjp1dydz33jxklraq-kubeconform-0.6.4"
        },
        "x86_64-linux": {
          "outputs": [
            {
              "name": "out",
              "path": "/nix/store/y7s7lhrgiwdpl6l4lr9xazjra3j9kmla-kubeconform-0.6.4",
              "default": true
            }
          ],
          "store_path": "/nix/store/y7s7lhrgiwdpl6l4lr9xazjra3j9kmla-kubeconform-0.6.4"
        }
      }
    },
    "kubectl@1.29.4": {
      "last_modified": "2024-04-19T17:36:04-04:00",
      "resolved": "github:NixOS/nixpkgs/92d295f588631b0db2da509f381b4fb1e74173c5#kubectl",
      "source": "devbox-search",
      "version": "1.29.4",
      "systems": {
        "aarch64-darwin": {
          "outputs": [
            {
              "name": "out",
              "path": "/nix/store/wpjydnaaz6dahlavp8cll4afd9abgi9q-kubectl-1.29.4",
              "default": true
            },
            {
              "name": "man",
              "path": "/nix/store/7l0z7jvpnwmnj1g9pcflyfykn321xih4-kubectl-1.29.4-man",
              "default": true
            },
            {
              "name": "convert",
              "path": "/nix/store/z5av2wbpms2bwqk5a009lf6lm44v288v-kubectl-1.29.4-convert"
            }
          ],
          "store_path": "/nix/store/wpjydnaaz6dahlavp8cll4afd9abgi9q-kubectl-1.29.4"
        },
        "aarch64-linux": {
          "outputs": [
            {
              "name": "out",
              "path": "/nix/store/hqd784c4j64nrd1rslb9f8c51qyk13vh-kubectl-1.29.4",
              "default": true
            },
            {
              "name": "man",
              "path": "/nix/store/kjarbx8gwdbjkaaahy4zdqa4g7nm2pv9-kubectl-1.29.4-man",
              "default": true
            },
            {
              "name": "convert",
              "path": "/nix/store/d6qn1817mw5gx6r87v381pcv4myp0zm6-kubectl-1.29.4-convert"
            }
          ],
          "store_path": "/nix/store/hqd784c4j64nrd1rslb9f8c51qyk13vh-kubectl-1.29.4"
        },
        "x86_64-darwin": {
          "outputs": [
            {
              "name": "out",
              "path": "/nix/store/c6xmni82xxhwnzz1hsjs6vlf22j46i2q-kubectl-1.29.4",
              "default": true
            },
            {
              "name": "man",
              "path": "/nix/store/427pw654765qzbhqhnbxa5bfi3w7r2dg-kubectl-1.29.4-man",
              "default": true
            },
            {
              "name": "convert",
              "path": "/nix/store/rzij99nbffblpxwrdwavw4h2iavgxzcz-kubectl-1.29.4-convert"
            }
          ],
          "store_path": "/nix/store/c6xmni82xxhwnzz1hsjs6vlf22j46i2q-kubectl-1.29.4"
        },
        "x86_64-linux": {
          "outputs": [
            {
              "name": "out",
              "path": "/nix/store/wvv8p10f1cz3wbikjhlvamqzhkb3khr4-kubectl-1.29.4",
              "default": true
            },
            {
              "name": "man",
              "path": "/nix/store/ydxqa2xl8hh4sg2n56zv59fmkq979zjm-kubectl-1.29.4-man",
              "default": true
            },
            {
              "name": "convert",
              "path": "/nix/store/dp29pz35110sspxlbkn87nvjnannhnkv-kubectl-1.29.4-convert"
            }
          ],
          "store_path": "/nix/store/wvv8p10f1cz3wbikjhlvamqzhkb3khr4-kubectl-1.29.4"
        }
      }
    },
    "kubernetes-helm@3.14.4": {
      "last_modified": "2024-04-19T17:36:04-04:00",
      "resolved": "github:NixOS/nixpkgs/92d295f588631b0db2da509f381b4fb1e74173c5#kubernetes-helm",
      "source": "devbox-search",
      "version": "3.14.4",
      "systems": {
        "aarch64-darwin": {
          "outputs": [
            {
              "name": "out",
              "path": "/nix/store/1rlaqgp0b551xzi4mi31wy2zwk3qbs4j-kubernetes-helm-3.14.4",
              "default": true
            }
          ],
          "store_path": "/nix/store/1rlaqgp0b551xzi4mi31wy2zwk3qbs4j-kubernetes-helm-3.14.4"
        },
        "aarch64-linux": {
          "outputs": [
            {
              "name": "out",
              "path": "/nix/store/jl1h7r1m77qi845ji1grrchgvcsjb7w6-kubernetes-helm-3.14.4",
              "default": true
            }
          ],
          "store_path": "/nix/store/jl1h7r1m77qi845ji1grrchgvcsjb7w6-kubernetes-helm-3.14.4"
        },
        "x86_64-darwin": {
          "outputs": [
            {
              "name": "out",
              "path": "/nix/store/hl7n59kix0bv78vgiq4irkscgyndm81h-kubernetes-helm-3.14.4",
              "default": true
            }
          ],
          "store_path": "/nix/store/hl7n59kix0bv78vgiq4irkscgyndm81h-kubernetes-helm-3.14.4"
        },
        "x86_64-linux": {
          "outputs": [
            {
              "name": "out",
              "path": "/nix/store/mg1wazgldz91y0k2nfks8w3imlpmf4k7-kubernetes-helm-3.14.4",
              "default": true
            }
          ],
          "store_path": "/nix/store/mg1wazgldz91y0k2nfks8w3imlpmf4k7-kubernetes-helm-3.14.4"
        }
      }
    },
    "kyverno-chainsaw@0.2.3": {
      "last_modified": "2024-05-30T23:48:18Z",
      "resolved": "github:NixOS/nixpkgs/6132b0f6e344ce2fe34fc051b72fb46e34f668e0#kyverno-chainsaw",
      "source": "devbox-search",
      "version": "0.2.3",
      "systems": {
        "aarch64-darwin": {
          "outputs": [
            {
              "name": "out",
              "path": "/nix/store/vk3irz6rdy9ks7c9y8870jnn8igkzvqh-kyverno-chainsaw-0.2.3",
              "default": true
            }
          ],
          "store_path": "/nix/store/vk3irz6rdy9ks7c9y8870jnn8igkzvqh-kyverno-chainsaw-0.2.3"
        },
        "aarch64-linux": {
          "outputs": [
            {
              "name": "out",
              "path": "/nix/store/gpkja0smjdf69a1bcf34kqsbcf3c38kq-kyverno-chainsaw-0.2.3",
              "default": true
            }
          ],
          "store_path": "/nix/store/gpkja0smjdf69a1bcf34kqsbcf3c38kq-kyverno-chainsaw-0.2.3"
        },
        "x86_64-darwin": {
          "outputs": [
            {
              "name": "out",
              "path": "/nix/store/1wk1gfmb69kjxiwr5asv7s7v2d0nrpb8-kyverno-chainsaw-0.2.3",
              "default": true
            }
          ],
          "store_path": "/nix/store/1wk1gfmb69kjxiwr5asv7s7v2d0nrpb8-kyverno-chainsaw-0.2.3"
        },
        "x86_64-linux": {
          "outputs": [
            {
              "name": "out",
              "path": "/nix/store/7y64w0h7ra5r2kvhi30vzgfh38fss5zx-kyverno-chainsaw-0.2.3",
              "default": true
            }
          ],
          "store_path": "/nix/store/7y64w0h7ra5r2kvhi30vzgfh38fss5zx-kyverno-chainsaw-0.2.3"
        }
      }
    },
    "path:./.devbox/flakes/google-cloud-sdk#google-cloud-sdk": {
      "systems": {
        "aarch64-darwin": {
          "outputs": [
            {
              "path": "/nix/store/lcrzzknv4vnk3mcry8xc4ws4yngml3sw-google-cloud-sdk-467.0.0",
              "default": true
            }
          ]
        }
      }
    },
    "shellcheck@0.10.0": {
      "last_modified": "2024-04-19T17:36:04-04:00",
      "resolved": "github:NixOS/nixpkgs/92d295f588631b0db2da509f381b4fb1e74173c5#shellcheck",
      "source": "devbox-search",
      "version": "0.10.0",
      "systems": {
        "aarch64-darwin": {
          "outputs": [
            {
              "name": "bin",
              "path": "/nix/store/49ncfws5qrd7rkgwz6dv2gvmqv0rsrrw-shellcheck-0.10.0-bin",
              "default": true
            },
            {
              "name": "man",
              "path": "/nix/store/s6j4yx6qbnln5nxmljx0qy8jf59adz5p-shellcheck-0.10.0-man",
              "default": true
            },
            {
              "name": "doc",
              "path": "/nix/store/2dfy2v96fv9542s4m7z7yxinwil9ngyp-shellcheck-0.10.0-doc",
              "default": true
            },
            {
              "name": "out",
              "path": "/nix/store/q2jz8khcx1a3kfmb77yspp85vlb973iz-shellcheck-0.10.0"
            }
          ],
          "store_path": "/nix/store/49ncfws5qrd7rkgwz6dv2gvmqv0rsrrw-shellcheck-0.10.0-bin"
        },
        "aarch64-linux": {
          "outputs": [
            {
              "name": "bin",
              "path": "/nix/store/q1hs93pxrpr388r8b4bj7rpqvd2daq1c-shellcheck-0.10.0-bin",
              "default": true
            },
            {
              "name": "man",
              "path": "/nix/store/6hz9inqbkawax0lcdig54sx2fh9ygq1k-shellcheck-0.10.0-man",
              "default": true
            },
            {
              "name": "doc",
              "path": "/nix/store/6iv0bbwzc4c4p364474j37acbcj85ncg-shellcheck-0.10.0-doc",
              "default": true
            },
            {
              "name": "out",
              "path": "/nix/store/2xlv5aw7b8zj5sn20bn0r7j5xbpq3lqj-shellcheck-0.10.0"
            }
          ],
          "store_path": "/nix/store/q1hs93pxrpr388r8b4bj7rpqvd2daq1c-shellcheck-0.10.0-bin"
        },
        "x86_64-darwin": {
          "outputs": [
            {
              "name": "bin",
              "path": "/nix/store/jnsl9dzp3smhbkzxjj42spmlbkixzh8k-shellcheck-0.10.0-bin",
              "default": true
            },
            {
              "name": "man",
              "path": "/nix/store/yv9i4zbnsbc3f9552718lsxifvz44xzp-shellcheck-0.10.0-man",
              "default": true
            },
            {
              "name": "doc",
              "path": "/nix/store/vdggbwa31i0vv021ik69mczg21mf5160-shellcheck-0.10.0-doc",
              "default": true
            },
            {
              "name": "out",
              "path": "/nix/store/qdfv3dw1rr5hxygz3h2h17zilkd7fd34-shellcheck-0.10.0"
            }
          ],
          "store_path": "/nix/store/jnsl9dzp3smhbkzxjj42spmlbkixzh8k-shellcheck-0.10.0-bin"
        },
        "x86_64-linux": {
          "outputs": [
            {
              "name": "bin",
              "path": "/nix/store/f321hrckks8jq89ipz48jmzdp7d0pj7r-shellcheck-0.10.0-bin",
              "default": true
            },
            {
              "name": "man",
              "path": "/nix/store/nc6ym17bdcnv8xm5qixywrlnvyj62qjf-shellcheck-0.10.0-man",
              "default": true
            },
            {
              "name": "doc",
              "path": "/nix/store/0csxlgjfdjadv9i1cz5bjmq8mhqyxlkj-shellcheck-0.10.0-doc",
              "default": true
            },
            {
              "name": "out",
              "path": "/nix/store/64zid87pr32msyp2i91zf7p08qj5v0bp-shellcheck-0.10.0"
            }
          ],
          "store_path": "/nix/store/f321hrckks8jq89ipz48jmzdp7d0pj7r-shellcheck-0.10.0-bin"
        }
      }
    },
    "terraform@1.7.5": {
      "last_modified": "2024-04-11T21:05:08-04:00",
      "resolved": "github:NixOS/nixpkgs/a0c9e3aee1000ac2bfb0e5b98c94c946a5d180a9#terraform",
      "source": "devbox-search",
      "version": "1.7.5",
      "systems": {
        "aarch64-darwin": {
          "outputs": [
            {
              "name": "out",
              "path": "/nix/store/rcw8kkbzglha3pl5c5vq7m0ibwg8aray-terraform-1.7.5",
              "default": true
            }
          ],
          "store_path": "/nix/store/rcw8kkbzglha3pl5c5vq7m0ibwg8aray-terraform-1.7.5"
        },
        "aarch64-linux": {
          "outputs": [
            {
              "name": "out",
              "path": "/nix/store/hngdkd0fx0nib0ffzvi9d7am2a6il03c-terraform-1.7.5",
              "default": true
            }
          ],
          "store_path": "/nix/store/hngdkd0fx0nib0ffzvi9d7am2a6il03c-terraform-1.7.5"
        },
        "x86_64-darwin": {
          "outputs": [
            {
              "name": "out",
              "path": "/nix/store/n8ls8ay5x5d0w6yhkvgs95alp1xsahw8-terraform-1.7.5",
              "default": true
            }
          ],
          "store_path": "/nix/store/n8ls8ay5x5d0w6yhkvgs95alp1xsahw8-terraform-1.7.5"
        },
        "x86_64-linux": {
          "outputs": [
            {
              "name": "out",
              "path": "/nix/store/hw28x4rxv69wl00lcq3xmq0zjcywyhcy-terraform-1.7.5",
              "default": true
            }
          ],
          "store_path": "/nix/store/hw28x4rxv69wl00lcq3xmq0zjcywyhcy-terraform-1.7.5"
        }
      }
    },
    "yamllint@1.35.1": {
      "last_modified": "2024-05-22T06:18:38Z",
      "resolved": "github:NixOS/nixpkgs/3f316d2a50699a78afe5e77ca486ad553169061e#yamllint",
      "source": "devbox-search",
      "version": "1.35.1",
      "systems": {
        "aarch64-darwin": {
          "outputs": [
            {
              "name": "out",
              "path": "/nix/store/w7lp106591g4jrwpif4w23sz6zn08s62-python3.11-yamllint-1.35.1",
              "default": true
            },
            {
              "name": "dist",
              "path": "/nix/store/01jiyvh5iida2c9zyyy05dmqiyhhzh4y-python3.11-yamllint-1.35.1-dist"
            }
          ],
          "store_path": "/nix/store/w7lp106591g4jrwpif4w23sz6zn08s62-python3.11-yamllint-1.35.1"
        },
        "aarch64-linux": {
          "outputs": [
            {
              "name": "out",
              "path": "/nix/store/nzhil58ixiy2dggxgsd8svpgm9dd5lxw-python3.11-yamllint-1.35.1",
              "default": true
            },
            {
              "name": "dist",
              "path": "/nix/store/a42rysi9ibc7x7cd7s3cd6g6cqhp9gh6-python3.11-yamllint-1.35.1-dist"
            }
          ],
          "store_path": "/nix/store/nzhil58ixiy2dggxgsd8svpgm9dd5lxw-python3.11-yamllint-1.35.1"
        },
        "x86_64-darwin": {
          "outputs": [
            {
              "name": "out",
              "path": "/nix/store/lh8dkq9fsjab7sx7yagkjwmkhipp1x4g-python3.11-yamllint-1.35.1",
              "default": true
            },
            {
              "name": "dist",
              "path": "/nix/store/3f6lnzc2s74vllbx1qha8krkpwl0s5bg-python3.11-yamllint-1.35.1-dist"
            }
          ],
          "store_path": "/nix/store/lh8dkq9fsjab7sx7yagkjwmkhipp1x4g-python3.11-yamllint-1.35.1"
        },
        "x86_64-linux": {
          "outputs": [
            {
              "name": "out",
              "path": "/nix/store/07wi29y1i0z8z21f81x630awwj03bipl-python3.11-yamllint-1.35.1",
              "default": true
            },
            {
              "name": "dist",
              "path": "/nix/store/6k360dzdbkv6z73k6z0rr6pjqy5nzsnw-python3.11-yamllint-1.35.1-dist"
            }
          ],
          "store_path": "/nix/store/07wi29y1i0z8z21f81x630awwj03bipl-python3.11-yamllint-1.35.1"
        }
      }
    }
  }
}
